
Microsoft Visual Studio Solution File, Format Version 12.00
# Visual Studio Version 17
VisualStudioVersion = 17.14.36203.30
MinimumVisualStudioVersion = 10.0.40219.1
Project("{FAE04EC0-301F-11D3-BF4B-00C04F79EFBC}") = "Ass1", "Ass1\Ass1.csproj", "{53FDE46D-BB28-408F-BBFF-1627C9FA0EEA}"
EndProject
Project("{FAE04EC0-301F-11D3-BF4B-00C04F79EFBC}") = "AvgMarks", "AvgMarks\AvgMarks.csproj", "{D1DF9FC5-E925-4317-A55A-846CE35FFA44}"
EndProject
Project("{FAE04EC0-301F-11D3-BF4B-00C04F79EFBC}") = "SumMarks", "SumMarks\SumMarks.csproj", "{FEB8149C-5C02-4819-8964-9B4638BC3D93}"
EndProject
Project("{FAE04EC0-301F-11D3-BF4B-00C04F79EFBC}") = "AdditionTwoNos", "AdditionTwoNos\AdditionTwoNos.csproj", "{E59648E2-1F1F-4E77-8689-61A7C7394CB0}"
EndProject
Project("{FAE04EC0-301F-11D3-BF4B-00C04F79EFBC}") = "Swapno", "Swapno\Swapno.csproj", "{65B5AB77-4AB4-49E1-8987-54F69BF7EF11}"
EndProject
Project("{FAE04EC0-301F-11D3-BF4B-00C04F79EFBC}") = "Ascii", "Ascii\Ascii.csproj", "{98AE2E1A-6B2C-45D0-B466-A54373A9D2D0}"
EndProject
Project("{FAE04EC0-301F-11D3-BF4B-00C04F79EFBC}") = "CalSal", "CalSal\CalSal.csproj", "{DF84B4DB-3C8E-4D1A-B013-714F34A4FED1}"
EndProject
Project("{FAE04EC0-301F-11D3-BF4B-00C04F79EFBC}") = "Leapyear", "Leapyear\Leapyear.csproj", "{40649A03-5D2A-4790-A085-19A462199846}"
EndProject
Project("{FAE04EC0-301F-11D3-BF4B-00C04F79EFBC}") = "CommisionEmp", "CommisionEmp\CommisionEmp.csproj", "{6093063F-7568-4917-B2BE-9B4C79A2503C}"
EndProject
Project("{FAE04EC0-301F-11D3-BF4B-00C04F79EFBC}") = "Calculater", "Calculater\Calculater.csproj", "{2909BBE1-B7A0-465E-8A22-2256CD1ED7F6}"
EndProject
Project("{FAE04EC0-301F-11D3-BF4B-00C04F79EFBC}") = "FindMax", "FindMax\FindMax.csproj", "{34D606C8-CE9E-4F88-B520-6075FEFAF87F}"
EndProject
Project("{FAE04EC0-301F-11D3-BF4B-00C04F79EFBC}") = "Empdata", "Empdata\Empdata.csproj", "{EE9FCAA9-DB64-4757-8D11-ACD67BE6844D}"
EndProject
Project("{FAE04EC0-301F-11D3-BF4B-00C04F79EFBC}") = "DDMMYY", "DDMMYY\DDMMYY.csproj", "{BD8C6174-5FE4-4BC0-A44E-8ECD10D5F38A}"
EndProject
Project("{FAE04EC0-301F-11D3-BF4B-00C04F79EFBC}") = "AbsulateValue", "AbsulateValue\AbsulateValue.csproj", "{BA51B93B-98EC-432D-B881-270C2E91F24F}"
EndProject
Project("{FAE04EC0-301F-11D3-BF4B-00C04F79EFBC}") = "ASCII_range", "ASCII_range\ASCII_range.csproj", "{D4ABCC57-368D-43AB-8904-F4ADB5BE3FCF}"
EndProject
Project("{FAE04EC0-301F-11D3-BF4B-00C04F79EFBC}") = "PrimeNo", "PrimeNo\PrimeNo.csproj", "{FAD52361-1D14-4CE7-BECA-691FA40A571E}"
EndProject
Project("{FAE04EC0-301F-11D3-BF4B-00C04F79EFBC}") = "Pattern", "Pattern\Pattern.csproj", "{EA4CC40A-2C48-481E-851C-535890295BD7}"
EndProject
Project("{FAE04EC0-301F-11D3-BF4B-00C04F79EFBC}") = "GenerateNo", "GenerateNo\GenerateNo.csproj", "{80CF7BA9-47C2-4FEA-B4E8-7CD523DAE012}"
EndProject
Project("{FAE04EC0-301F-11D3-BF4B-00C04F79EFBC}") = "PrimeFunction", "PrimeFunction\PrimeFunction.csproj", "{87ADE88D-61AA-4083-B800-DEAC281F3EC9}"
EndProject
Project("{FAE04EC0-301F-11D3-BF4B-00C04F79EFBC}") = "FibonacciSeries", "FibonacciSeries\FibonacciSeries.csproj", "{3C647B7C-37FD-46F1-971D-D97772657221}"
EndProject
Project("{FAE04EC0-301F-11D3-BF4B-00C04F79EFBC}") = "MenuDriven", "MenuDriven\MenuDriven.csproj", "{2602AD89-9085-4172-8881-ED94D2D08AAA}"
EndProject
Project("{FAE04EC0-301F-11D3-BF4B-00C04F79EFBC}") = "DateAccept", "DateAccept\DateAccept.csproj", "{2B7EBDFD-724A-4456-90AF-4C2087611F4D}"
EndProject
Global
	GlobalSection(SolutionConfigurationPlatforms) = preSolution
		Debug|Any CPU = Debug|Any CPU
		Release|Any CPU = Release|Any CPU
	EndGlobalSection
	GlobalSection(ProjectConfigurationPlatforms) = postSolution
		{53FDE46D-BB28-408F-BBFF-1627C9FA0EEA}.Debug|Any CPU.ActiveCfg = Debug|Any CPU
		{53FDE46D-BB28-408F-BBFF-1627C9FA0EEA}.Debug|Any CPU.Build.0 = Debug|Any CPU
		{53FDE46D-BB28-408F-BBFF-1627C9FA0EEA}.Release|Any CPU.ActiveCfg = Release|Any CPU
		{53FDE46D-BB28-408F-BBFF-1627C9FA0EEA}.Release|Any CPU.Build.0 = Release|Any CPU
		{D1DF9FC5-E925-4317-A55A-846CE35FFA44}.Debug|Any CPU.ActiveCfg = Debug|Any CPU
		{D1DF9FC5-E925-4317-A55A-846CE35FFA44}.Debug|Any CPU.Build.0 = Debug|Any CPU
		{D1DF9FC5-E925-4317-A55A-846CE35FFA44}.Release|Any CPU.ActiveCfg = Release|Any CPU
		{D1DF9FC5-E925-4317-A55A-846CE35FFA44}.Release|Any CPU.Build.0 = Release|Any CPU
		{FEB8149C-5C02-4819-8964-9B4638BC3D93}.Debug|Any CPU.ActiveCfg = Debug|Any CPU
		{FEB8149C-5C02-4819-8964-9B4638BC3D93}.Debug|Any CPU.Build.0 = Debug|Any CPU
		{FEB8149C-5C02-4819-8964-9B4638BC3D93}.Release|Any CPU.ActiveCfg = Release|Any CPU
		{FEB8149C-5C02-4819-8964-9B4638BC3D93}.Release|Any CPU.Build.0 = Release|Any CPU
		{E59648E2-1F1F-4E77-8689-61A7C7394CB0}.Debug|Any CPU.ActiveCfg = Debug|Any CPU
		{E59648E2-1F1F-4E77-8689-61A7C7394CB0}.Debug|Any CPU.Build.0 = Debug|Any CPU
		{E59648E2-1F1F-4E77-8689-61A7C7394CB0}.Release|Any CPU.ActiveCfg = Release|Any CPU
		{E59648E2-1F1F-4E77-8689-61A7C7394CB0}.Release|Any CPU.Build.0 = Release|Any CPU
		{65B5AB77-4AB4-49E1-8987-54F69BF7EF11}.Debug|Any CPU.ActiveCfg = Debug|Any CPU
		{65B5AB77-4AB4-49E1-8987-54F69BF7EF11}.Debug|Any CPU.Build.0 = Debug|Any CPU
		{65B5AB77-4AB4-49E1-8987-54F69BF7EF11}.Release|Any CPU.ActiveCfg = Release|Any CPU
		{65B5AB77-4AB4-49E1-8987-54F69BF7EF11}.Release|Any CPU.Build.0 = Release|Any CPU
		{98AE2E1A-6B2C-45D0-B466-A54373A9D2D0}.Debug|Any CPU.ActiveCfg = Debug|Any CPU
		{98AE2E1A-6B2C-45D0-B466-A54373A9D2D0}.Debug|Any CPU.Build.0 = Debug|Any CPU
		{98AE2E1A-6B2C-45D0-B466-A54373A9D2D0}.Release|Any CPU.ActiveCfg = Release|Any CPU
		{98AE2E1A-6B2C-45D0-B466-A54373A9D2D0}.Release|Any CPU.Build.0 = Release|Any CPU
		{DF84B4DB-3C8E-4D1A-B013-714F34A4FED1}.Debug|Any CPU.ActiveCfg = Debug|Any CPU
		{DF84B4DB-3C8E-4D1A-B013-714F34A4FED1}.Debug|Any CPU.Build.0 = Debug|Any CPU
		{DF84B4DB-3C8E-4D1A-B013-714F34A4FED1}.Release|Any CPU.ActiveCfg = Release|Any CPU
		{DF84B4DB-3C8E-4D1A-B013-714F34A4FED1}.Release|Any CPU.Build.0 = Release|Any CPU
		{40649A03-5D2A-4790-A085-19A462199846}.Debug|Any CPU.ActiveCfg = Debug|Any CPU
		{40649A03-5D2A-4790-A085-19A462199846}.Debug|Any CPU.Build.0 = Debug|Any CPU
		{40649A03-5D2A-4790-A085-19A462199846}.Release|Any CPU.ActiveCfg = Release|Any CPU
		{40649A03-5D2A-4790-A085-19A462199846}.Release|Any CPU.Build.0 = Release|Any CPU
		{6093063F-7568-4917-B2BE-9B4C79A2503C}.Debug|Any CPU.ActiveCfg = Debug|Any CPU
		{6093063F-7568-4917-B2BE-9B4C79A2503C}.Debug|Any CPU.Build.0 = Debug|Any CPU
		{6093063F-7568-4917-B2BE-9B4C79A2503C}.Release|Any CPU.ActiveCfg = Release|Any CPU
		{6093063F-7568-4917-B2BE-9B4C79A2503C}.Release|Any CPU.Build.0 = Release|Any CPU
		{2909BBE1-B7A0-465E-8A22-2256CD1ED7F6}.Debug|Any CPU.ActiveCfg = Debug|Any CPU
		{2909BBE1-B7A0-465E-8A22-2256CD1ED7F6}.Debug|Any CPU.Build.0 = Debug|Any CPU
		{2909BBE1-B7A0-465E-8A22-2256CD1ED7F6}.Release|Any CPU.ActiveCfg = Release|Any CPU
		{2909BBE1-B7A0-465E-8A22-2256CD1ED7F6}.Release|Any CPU.Build.0 = Release|Any CPU
		{34D606C8-CE9E-4F88-B520-6075FEFAF87F}.Debug|Any CPU.ActiveCfg = Debug|Any CPU
		{34D606C8-CE9E-4F88-B520-6075FEFAF87F}.Debug|Any CPU.Build.0 = Debug|Any CPU
		{34D606C8-CE9E-4F88-B520-6075FEFAF87F}.Release|Any CPU.ActiveCfg = Release|Any CPU
		{34D606C8-CE9E-4F88-B520-6075FEFAF87F}.Release|Any CPU.Build.0 = Release|Any CPU
		{EE9FCAA9-DB64-4757-8D11-ACD67BE6844D}.Debug|Any CPU.ActiveCfg = Debug|Any CPU
		{EE9FCAA9-DB64-4757-8D11-ACD67BE6844D}.Debug|Any CPU.Build.0 = Debug|Any CPU
		{EE9FCAA9-DB64-4757-8D11-ACD67BE6844D}.Release|Any CPU.ActiveCfg = Release|Any CPU
		{EE9FCAA9-DB64-4757-8D11-ACD67BE6844D}.Release|Any CPU.Build.0 = Release|Any CPU
		{BD8C6174-5FE4-4BC0-A44E-8ECD10D5F38A}.Debug|Any CPU.ActiveCfg = Debug|Any CPU
		{BD8C6174-5FE4-4BC0-A44E-8ECD10D5F38A}.Debug|Any CPU.Build.0 = Debug|Any CPU
		{BD8C6174-5FE4-4BC0-A44E-8ECD10D5F38A}.Release|Any CPU.ActiveCfg = Release|Any CPU
		{BD8C6174-5FE4-4BC0-A44E-8ECD10D5F38A}.Release|Any CPU.Build.0 = Release|Any CPU
		{BA51B93B-98EC-432D-B881-270C2E91F24F}.Debug|Any CPU.ActiveCfg = Debug|Any CPU
		{BA51B93B-98EC-432D-B881-270C2E91F24F}.Debug|Any CPU.Build.0 = Debug|Any CPU
		{BA51B93B-98EC-432D-B881-270C2E91F24F}.Release|Any CPU.ActiveCfg = Release|Any CPU
		{BA51B93B-98EC-432D-B881-270C2E91F24F}.Release|Any CPU.Build.0 = Release|Any CPU
		{D4ABCC57-368D-43AB-8904-F4ADB5BE3FCF}.Debug|Any CPU.ActiveCfg = Debug|Any CPU
		{D4ABCC57-368D-43AB-8904-F4ADB5BE3FCF}.Debug|Any CPU.Build.0 = Debug|Any CPU
		{D4ABCC57-368D-43AB-8904-F4ADB5BE3FCF}.Release|Any CPU.ActiveCfg = Release|Any CPU
		{D4ABCC57-368D-43AB-8904-F4ADB5BE3FCF}.Release|Any CPU.Build.0 = Release|Any CPU
		{FAD52361-1D14-4CE7-BECA-691FA40A571E}.Debug|Any CPU.ActiveCfg = Debug|Any CPU
		{FAD52361-1D14-4CE7-BECA-691FA40A571E}.Debug|Any CPU.Build.0 = Debug|Any CPU
		{FAD52361-1D14-4CE7-BECA-691FA40A571E}.Release|Any CPU.ActiveCfg = Release|Any CPU
		{FAD52361-1D14-4CE7-BECA-691FA40A571E}.Release|Any CPU.Build.0 = Release|Any CPU
		{EA4CC40A-2C48-481E-851C-535890295BD7}.Debug|Any CPU.ActiveCfg = Debug|Any CPU
		{EA4CC40A-2C48-481E-851C-535890295BD7}.Debug|Any CPU.Build.0 = Debug|Any CPU
		{EA4CC40A-2C48-481E-851C-535890295BD7}.Release|Any CPU.ActiveCfg = Release|Any CPU
		{EA4CC40A-2C48-481E-851C-535890295BD7}.Release|Any CPU.Build.0 = Release|Any CPU
		{80CF7BA9-47C2-4FEA-B4E8-7CD523DAE012}.Debug|Any CPU.ActiveCfg = Debug|Any CPU
		{80CF7BA9-47C2-4FEA-B4E8-7CD523DAE012}.Debug|Any CPU.Build.0 = Debug|Any CPU
		{80CF7BA9-47C2-4FEA-B4E8-7CD523DAE012}.Release|Any CPU.ActiveCfg = Release|Any CPU
		{80CF7BA9-47C2-4FEA-B4E8-7CD523DAE012}.Release|Any CPU.Build.0 = Release|Any CPU
		{87ADE88D-61AA-4083-B800-DEAC281F3EC9}.Debug|Any CPU.ActiveCfg = Debug|Any CPU
		{87ADE88D-61AA-4083-B800-DEAC281F3EC9}.Debug|Any CPU.Build.0 = Debug|Any CPU
		{87ADE88D-61AA-4083-B800-DEAC281F3EC9}.Release|Any CPU.ActiveCfg = Release|Any CPU
		{87ADE88D-61AA-4083-B800-DEAC281F3EC9}.Release|Any CPU.Build.0 = Release|Any CPU
		{3C647B7C-37FD-46F1-971D-D97772657221}.Debug|Any CPU.ActiveCfg = Debug|Any CPU
		{3C647B7C-37FD-46F1-971D-D97772657221}.Debug|Any CPU.Build.0 = Debug|Any CPU
		{3C647B7C-37FD-46F1-971D-D97772657221}.Release|Any CPU.ActiveCfg = Release|Any CPU
		{3C647B7C-37FD-46F1-971D-D97772657221}.Release|Any CPU.Build.0 = Release|Any CPU
		{2602AD89-9085-4172-8881-ED94D2D08AAA}.Debug|Any CPU.ActiveCfg = Debug|Any CPU
		{2602AD89-9085-4172-8881-ED94D2D08AAA}.Debug|Any CPU.Build.0 = Debug|Any CPU
		{2602AD89-9085-4172-8881-ED94D2D08AAA}.Release|Any CPU.ActiveCfg = Release|Any CPU
		{2602AD89-9085-4172-8881-ED94D2D08AAA}.Release|Any CPU.Build.0 = Release|Any CPU
		{2B7EBDFD-724A-4456-90AF-4C2087611F4D}.Debug|Any CPU.ActiveCfg = Debug|Any CPU
		{2B7EBDFD-724A-4456-90AF-4C2087611F4D}.Debug|Any CPU.Build.0 = Debug|Any CPU
		{2B7EBDFD-724A-4456-90AF-4C2087611F4D}.Release|Any CPU.ActiveCfg = Release|Any CPU
		{2B7EBDFD-724A-4456-90AF-4C2087611F4D}.Release|Any CPU.Build.0 = Release|Any CPU
	EndGlobalSection
	GlobalSection(SolutionProperties) = preSolution
		HideSolutionNode = FALSE
	EndGlobalSection
	GlobalSection(ExtensibilityGlobals) = postSolution
		SolutionGuid = {4BBBA013-18AC-401A-B695-AC5EF9269B24}
	EndGlobalSection
EndGlobal
