Microsoft Visual Studio Solution File, Format Version 12.00
# Visual Studio Version 17
VisualStudioVersion = 17.5.2.0
MinimumVisualStudioVersion = 10.0.40219.1
Project("{FAE04EC0-301F-11D3-BF4B-00C04F79EFBC}") = "ArrayExamples", "ArrayExamples.csproj", "{5BAE1091-F3E2-CA38-B92E-35277027136A}"
EndProject
Global
	GlobalSection(SolutionConfigurationPlatforms) = preSolution
		Debug|Any CPU = Debug|Any CPU
		Release|Any CPU = Release|Any CPU
	EndGlobalSection
	GlobalSection(ProjectConfigurationPlatforms) = postSolution
		{5BAE1091-F3E2-CA38-B92E-35277027136A}.Debug|Any CPU.ActiveCfg = Debug|Any CPU
		{5BAE1091-F3E2-CA38-B92E-35277027136A}.Debug|Any CPU.Build.0 = Debug|Any CPU
		{5BAE1091-F3E2-CA38-B92E-35277027136A}.Release|Any CPU.ActiveCfg = Release|Any CPU
		{5BAE1091-F3E2-CA38-B92E-35277027136A}.Release|Any CPU.Build.0 = Release|Any CPU
	EndGlobalSection
	GlobalSection(SolutionProperties) = preSolution
		HideSolutionNode = FALSE
	EndGlobalSection
	GlobalSection(ExtensibilityGlobals) = postSolution
		SolutionGuid = {54F9F0A7-F795-42B5-93A4-6ADA5EBB3349}
	EndGlobalSection
EndGlobal
