Microsoft Visual Studio Solution File, Format Version 12.00
# Visual Studio Version 17
VisualStudioVersion = 17.5.2.0
MinimumVisualStudioVersion = 10.0.40219.1
Project("{FAE04EC0-301F-11D3-BF4B-00C04F79EFBC}") = "CustomerAppLINQ", "CustomerAppLINQ.csproj", "{50FAFEED-56E9-EF6F-9984-A08B9116500C}"
EndProject
Global
	GlobalSection(SolutionConfigurationPlatforms) = preSolution
		Debug|Any CPU = Debug|Any CPU
		Release|Any CPU = Release|Any CPU
	EndGlobalSection
	GlobalSection(ProjectConfigurationPlatforms) = postSolution
		{50FAFEED-56E9-EF6F-9984-A08B9116500C}.Debug|Any CPU.ActiveCfg = Debug|Any CPU
		{50FAFEED-56E9-EF6F-9984-A08B9116500C}.Debug|Any CPU.Build.0 = Debug|Any CPU
		{50FAFEED-56E9-EF6F-9984-A08B9116500C}.Release|Any CPU.ActiveCfg = Release|Any CPU
		{50FAFEED-56E9-EF6F-9984-A08B9116500C}.Release|Any CPU.Build.0 = Release|Any CPU
	EndGlobalSection
	GlobalSection(SolutionProperties) = preSolution
		HideSolutionNode = FALSE
	EndGlobalSection
	GlobalSection(ExtensibilityGlobals) = postSolution
		SolutionGuid = {FC1BDCB5-A2C1-476C-92CB-28E012238183}
	EndGlobalSection
EndGlobal
