
Microsoft Visual Studio Solution File, Format Version 12.00
# Visual Studio Version 17
VisualStudioVersion = 17.14.36203.30 d17.14
MinimumVisualStudioVersion = 10.0.40219.1
Project("{FAE04EC0-301F-11D3-BF4B-00C04F79EFBC}") = "Infoway.Api", "Infoway.Api\Infoway.Api.csproj", "{83FE4F71-15C1-40B0-96C4-7AA14DB7B933}"
EndProject
Global
	GlobalSection(SolutionConfigurationPlatforms) = preSolution
		Debug|Any CPU = Debug|Any CPU
		Release|Any CPU = Release|Any CPU
	EndGlobalSection
	GlobalSection(ProjectConfigurationPlatforms) = postSolution
		{83FE4F71-15C1-40B0-96C4-7AA14DB7B933}.Debug|Any CPU.ActiveCfg = Debug|Any CPU
		{83FE4F71-15C1-40B0-96C4-7AA14DB7B933}.Debug|Any CPU.Build.0 = Debug|Any CPU
		{83FE4F71-15C1-40B0-96C4-7AA14DB7B933}.Release|Any CPU.ActiveCfg = Release|Any CPU
		{83FE4F71-15C1-40B0-96C4-7AA14DB7B933}.Release|Any CPU.Build.0 = Release|Any CPU
	EndGlobalSection
	GlobalSection(SolutionProperties) = preSolution
		HideSolutionNode = FALSE
	EndGlobalSection
	GlobalSection(ExtensibilityGlobals) = postSolution
		SolutionGuid = {E6189F9A-B8A8-4097-953B-46CA4FD7F001}
	EndGlobalSection
EndGlobal
